
Microsoft Visual Studio Solution File, Format Version 12.00
# Visual Studio Version 17
VisualStudioVersion = 17.0.31903.59
MinimumVisualStudioVersion = 10.0.40219.1
Project("{FAE04EC0-301F-11D3-BF4B-00C04F79EFBC}") = "SaidaDeDados", "SaidaDeDados\SaidaDeDados.csproj", "{9B7CAEE6-86B5-47DF-AADB-A05E294BBD65}"
EndProject
Global
	GlobalSection(SolutionConfigurationPlatforms) = preSolution
		Debug|Any CPU = Debug|Any CPU
		Release|Any CPU = Release|Any CPU
	EndGlobalSection
	GlobalSection(ProjectConfigurationPlatforms) = postSolution
		{9B7CAEE6-86B5-47DF-AADB-A05E294BBD65}.Debug|Any CPU.ActiveCfg = Debug|Any CPU
		{9B7CAEE6-86B5-47DF-AADB-A05E294BBD65}.Debug|Any CPU.Build.0 = Debug|Any CPU
		{9B7CAEE6-86B5-47DF-AADB-A05E294BBD65}.Release|Any CPU.ActiveCfg = Release|Any CPU
		{9B7CAEE6-86B5-47DF-AADB-A05E294BBD65}.Release|Any CPU.Build.0 = Release|Any CPU
	EndGlobalSection
	GlobalSection(SolutionProperties) = preSolution
		HideSolutionNode = FALSE
	EndGlobalSection
	GlobalSection(ExtensibilityGlobals) = postSolution
		SolutionGuid = {A4D1BEB6-5B41-44F8-96FE-5FE159AB69F0}
	EndGlobalSection
EndGlobal
